{
  "nodes": {
    "nixpkgs": {
      "locked": {
        "lastModified": 1771369470,
        "narHash": "sha256-0NBlEBKkN3lufyvFegY4TYv5mCNHbi5OmBDrzihbBMQ=",
        "owner": "NixOS",
        "repo": "nixpkgs",
        "rev": "0182a361324364ae3f436a63005877674cf45efb",
        "type": "github"
      },
      "original": {
        "owner": "NixOS",
        "ref": "nixos-unstable",
        "repo": "nixpkgs",
        "type": "github"
      }
    },
    "root": {
      "inputs": {
        "tooling": "tooling"
      }
    },
    "rust-overlay": {
      "inputs": {
        "nixpkgs": [
          "tooling",
          "nixpkgs"
        ]
      },
      "locked": {
        "lastModified": 1771729765,
        "narHash": "sha256-HNsDSR5bhLSrIpi9bTb2uTK1qnPo1xFSBxs6YmFyprk=",
        "owner": "oxalica",
        "repo": "rust-overlay",
        "rev": "be926cb1a76e8450ab2b92121b2e88d09fa4d41c",
        "type": "github"
      },
      "original": {
        "owner": "oxalica",
        "repo": "rust-overlay",
        "type": "github"
      }
    },
    "tooling": {
      "inputs": {
        "nixpkgs": "nixpkgs",
        "rust-overlay": "rust-overlay"
      },
      "locked": {
        "lastModified": 1771236167,
        "narHash": "sha256-sUQx8PsGU9j1vtX/znsykJkSNOEfp7RdqcL4ZL0S33U=",
        "ref": "refs/heads/master",
        "rev": "a0c8c6919c0bedb9c03479ff636c1ebf82de3d8d",
        "revCount": 10,
        "type": "git",
        "url": "https://git.r0chd.pl/mox-desktop/tooling.git"
      },
      "original": {
        "type": "git",
        "url": "https://git.r0chd.pl/mox-desktop/tooling.git"
      }
    }
  },
  "root": "root",
  "version": 7
}
