{
  "nodes": {
    "nixpkgs": {
      "locked": {
        "lastModified": 1772773019,
        "narHash": "sha256-E1bxHxNKfDoQUuvriG71+f+s/NT0qWkImXsYZNFFfCs=",
        "owner": "NixOS",
        "repo": "nixpkgs",
        "rev": "aca4d95fce4914b3892661bcb80b8087293536c6",
        "type": "github"
      },
      "original": {
        "owner": "NixOS",
        "ref": "nixos-unstable",
        "repo": "nixpkgs",
        "type": "github"
      }
    },
    "root": {
      "inputs": {
        "tooling": "tooling"
      }
    },
    "rust-overlay": {
      "inputs": {
        "nixpkgs": [
          "tooling",
          "nixpkgs"
        ]
      },
      "locked": {
        "lastModified": 1772939270,
        "narHash": "sha256-HbxD5DJAKxzo0G8on5wdY+OZNiUWt3FTvGmXmVEmg7g=",
        "owner": "oxalica",
        "repo": "rust-overlay",
        "rev": "bb93f191a07c0165992ed6d0b4197ee5c7e6e641",
        "type": "github"
      },
      "original": {
        "owner": "oxalica",
        "repo": "rust-overlay",
        "type": "github"
      }
    },
    "tooling": {
      "inputs": {
        "nixpkgs": "nixpkgs",
        "rust-overlay": "rust-overlay"
      },
      "locked": {
        "lastModified": 1771236167,
        "narHash": "sha256-sUQx8PsGU9j1vtX/znsykJkSNOEfp7RdqcL4ZL0S33U=",
        "ref": "refs/heads/master",
        "rev": "a0c8c6919c0bedb9c03479ff636c1ebf82de3d8d",
        "revCount": 10,
        "type": "git",
        "url": "https://git.r0chd.pl/mox-desktop/tooling.git"
      },
      "original": {
        "type": "git",
        "url": "https://git.r0chd.pl/mox-desktop/tooling.git"
      }
    }
  },
  "root": "root",
  "version": 7
}
