{
  "nodes": {
    "nixpkgs": {
      "locked": {
        "lastModified": 1771008912,
        "narHash": "sha256-gf2AmWVTs8lEq7z/3ZAsgnZDhWIckkb+ZnAo5RzSxJg=",
        "owner": "NixOS",
        "repo": "nixpkgs",
        "rev": "a82ccc39b39b621151d6732718e3e250109076fa",
        "type": "github"
      },
      "original": {
        "owner": "NixOS",
        "ref": "nixos-unstable",
        "repo": "nixpkgs",
        "type": "github"
      }
    },
    "root": {
      "inputs": {
        "tooling": "tooling"
      }
    },
    "rust-overlay": {
      "inputs": {
        "nixpkgs": [
          "tooling",
          "nixpkgs"
        ]
      },
      "locked": {
        "lastModified": 1771125043,
        "narHash": "sha256-ldf/s49n6rOAxl7pYLJGGS1N/assoHkCOWdEdLyNZkc=",
        "owner": "oxalica",
        "repo": "rust-overlay",
        "rev": "4912f951a26dc8142b176be2c2ad834319dc06e8",
        "type": "github"
      },
      "original": {
        "owner": "oxalica",
        "repo": "rust-overlay",
        "type": "github"
      }
    },
    "tooling": {
      "inputs": {
        "nixpkgs": "nixpkgs",
        "rust-overlay": "rust-overlay"
      },
      "locked": {
        "lastModified": 1770729251,
        "narHash": "sha256-2XpcLFzNnzATSDu32daTElMdkL0PQ/LxHBwx0cFy+/s=",
        "ref": "refs/heads/master",
        "rev": "c6f9ba92a5fb9bdcf04bf543c7b0185a44d9171c",
        "revCount": 9,
        "type": "git",
        "url": "https://git.r0chd.pl/mox-desktop/tooling.git"
      },
      "original": {
        "type": "git",
        "url": "https://git.r0chd.pl/mox-desktop/tooling.git"
      }
    }
  },
  "root": "root",
  "version": 7
}
